
Microsoft Visual Studio Solution File, Format Version 12.00
# Visual Studio Version 17
VisualStudioVersion = 17.3.32929.385
MinimumVisualStudioVersion = 10.0.40219.1
Project("{FAE04EC0-301F-11D3-BF4B-00C04F79EFBC}") = "Anagrams", "Anagrams\Anagrams.csproj", "{C41B11BF-77EA-4EA8-8029-66F8BF6C8D07}"
EndProject
Global
	GlobalSection(SolutionConfigurationPlatforms) = preSolution
		Debug|Any CPU = Debug|Any CPU
		Release|Any CPU = Release|Any CPU
	EndGlobalSection
	GlobalSection(ProjectConfigurationPlatforms) = postSolution
		{C41B11BF-77EA-4EA8-8029-66F8BF6C8D07}.Debug|Any CPU.ActiveCfg = Debug|Any CPU
		{C41B11BF-77EA-4EA8-8029-66F8BF6C8D07}.Debug|Any CPU.Build.0 = Debug|Any CPU
		{C41B11BF-77EA-4EA8-8029-66F8BF6C8D07}.Release|Any CPU.ActiveCfg = Release|Any CPU
		{C41B11BF-77EA-4EA8-8029-66F8BF6C8D07}.Release|Any CPU.Build.0 = Release|Any CPU
	EndGlobalSection
	GlobalSection(SolutionProperties) = preSolution
		HideSolutionNode = FALSE
	EndGlobalSection
	GlobalSection(ExtensibilityGlobals) = postSolution
		SolutionGuid = {31DDDBCD-ED4A-49B2-AB63-981C6FADA1A9}
	EndGlobalSection
EndGlobal
